
Microsoft Visual Studio Solution File, Format Version 12.00
# Visual Studio Version 17
VisualStudioVersion = 17.7.34024.191
MinimumVisualStudioVersion = 10.0.40219.1
Project("{FAE04EC0-301F-11D3-BF4B-00C04F79EFBC}") = "tumakov_9", "tumakov_9\tumakov_9.csproj", "{BA41E4B6-B584-492E-8A02-B657D2A9411C}"
EndProject
Project("{FAE04EC0-301F-11D3-BF4B-00C04F79EFBC}") = "Большие Гонки", "Большая Игра\Большие Гонки.csproj", "{1C0CC059-6D20-48B5-AD6B-56F67E696E80}"
EndProject
Global
	GlobalSection(SolutionConfigurationPlatforms) = preSolution
		Debug|Any CPU = Debug|Any CPU
		Release|Any CPU = Release|Any CPU
	EndGlobalSection
	GlobalSection(ProjectConfigurationPlatforms) = postSolution
		{BA41E4B6-B584-492E-8A02-B657D2A9411C}.Debug|Any CPU.ActiveCfg = Debug|Any CPU
		{BA41E4B6-B584-492E-8A02-B657D2A9411C}.Debug|Any CPU.Build.0 = Debug|Any CPU
		{BA41E4B6-B584-492E-8A02-B657D2A9411C}.Release|Any CPU.ActiveCfg = Release|Any CPU
		{BA41E4B6-B584-492E-8A02-B657D2A9411C}.Release|Any CPU.Build.0 = Release|Any CPU
		{1C0CC059-6D20-48B5-AD6B-56F67E696E80}.Debug|Any CPU.ActiveCfg = Debug|Any CPU
		{1C0CC059-6D20-48B5-AD6B-56F67E696E80}.Debug|Any CPU.Build.0 = Debug|Any CPU
		{1C0CC059-6D20-48B5-AD6B-56F67E696E80}.Release|Any CPU.ActiveCfg = Release|Any CPU
		{1C0CC059-6D20-48B5-AD6B-56F67E696E80}.Release|Any CPU.Build.0 = Release|Any CPU
	EndGlobalSection
	GlobalSection(SolutionProperties) = preSolution
		HideSolutionNode = FALSE
	EndGlobalSection
	GlobalSection(ExtensibilityGlobals) = postSolution
		SolutionGuid = {F3144DFB-A618-4C7F-82A2-E0A79B77BFC3}
	EndGlobalSection
EndGlobal
